
Microsoft Visual Studio Solution File, Format Version 12.00
# Visual Studio Version 16
VisualStudioVersion = 16.0.809.8
MinimumVisualStudioVersion = 10.0.40219.1
Project("{FAE04EC0-301F-11D3-BF4B-00C04F79EFBC}") = "MeTracker.Android", "MeTracker.Android\MeTracker.Android.csproj", "{26879352-74B2-4BD9-82F1-D9FA5CC5CCA0}"
EndProject
Project("{FAE04EC0-301F-11D3-BF4B-00C04F79EFBC}") = "MeTracker.iOS", "MeTracker.iOS\MeTracker.iOS.csproj", "{AF48B8F0-1BA1-42F7-9D1D-4177CB0D8C89}"
EndProject
Project("{FAE04EC0-301F-11D3-BF4B-00C04F79EFBC}") = "MeTracker", "MeTracker\MeTracker.csproj", "{12D07411-61A2-47AF-94FD-0613F20C90A6}"
EndProject
Global
	GlobalSection(SolutionConfigurationPlatforms) = preSolution
		Debug|Any CPU = Debug|Any CPU
		Release|Any CPU = Release|Any CPU
		Debug|iPhoneSimulator = Debug|iPhoneSimulator
		Release|iPhoneSimulator = Release|iPhoneSimulator
		Debug|iPhone = Debug|iPhone
		Release|iPhone = Release|iPhone
	EndGlobalSection
	GlobalSection(ProjectConfigurationPlatforms) = postSolution
		{26879352-74B2-4BD9-82F1-D9FA5CC5CCA0}.Debug|Any CPU.ActiveCfg = Debug|Any CPU
		{26879352-74B2-4BD9-82F1-D9FA5CC5CCA0}.Debug|Any CPU.Build.0 = Debug|Any CPU
		{26879352-74B2-4BD9-82F1-D9FA5CC5CCA0}.Release|Any CPU.ActiveCfg = Release|Any CPU
		{26879352-74B2-4BD9-82F1-D9FA5CC5CCA0}.Release|Any CPU.Build.0 = Release|Any CPU
		{26879352-74B2-4BD9-82F1-D9FA5CC5CCA0}.Debug|iPhoneSimulator.ActiveCfg = Debug|Any CPU
		{26879352-74B2-4BD9-82F1-D9FA5CC5CCA0}.Debug|iPhoneSimulator.Build.0 = Debug|Any CPU
		{26879352-74B2-4BD9-82F1-D9FA5CC5CCA0}.Release|iPhoneSimulator.ActiveCfg = Release|Any CPU
		{26879352-74B2-4BD9-82F1-D9FA5CC5CCA0}.Release|iPhoneSimulator.Build.0 = Release|Any CPU
		{26879352-74B2-4BD9-82F1-D9FA5CC5CCA0}.Debug|iPhone.ActiveCfg = Debug|Any CPU
		{26879352-74B2-4BD9-82F1-D9FA5CC5CCA0}.Debug|iPhone.Build.0 = Debug|Any CPU
		{26879352-74B2-4BD9-82F1-D9FA5CC5CCA0}.Release|iPhone.ActiveCfg = Release|Any CPU
		{26879352-74B2-4BD9-82F1-D9FA5CC5CCA0}.Release|iPhone.Build.0 = Release|Any CPU
		{AF48B8F0-1BA1-42F7-9D1D-4177CB0D8C89}.Debug|Any CPU.ActiveCfg = Debug|iPhoneSimulator
		{AF48B8F0-1BA1-42F7-9D1D-4177CB0D8C89}.Debug|Any CPU.Build.0 = Debug|iPhoneSimulator
		{AF48B8F0-1BA1-42F7-9D1D-4177CB0D8C89}.Release|Any CPU.ActiveCfg = Release|iPhoneSimulator
		{AF48B8F0-1BA1-42F7-9D1D-4177CB0D8C89}.Release|Any CPU.Build.0 = Release|iPhoneSimulator
		{AF48B8F0-1BA1-42F7-9D1D-4177CB0D8C89}.Debug|iPhoneSimulator.ActiveCfg = Debug|iPhoneSimulator
		{AF48B8F0-1BA1-42F7-9D1D-4177CB0D8C89}.Debug|iPhoneSimulator.Build.0 = Debug|iPhoneSimulator
		{AF48B8F0-1BA1-42F7-9D1D-4177CB0D8C89}.Release|iPhoneSimulator.ActiveCfg = Release|iPhoneSimulator
		{AF48B8F0-1BA1-42F7-9D1D-4177CB0D8C89}.Release|iPhoneSimulator.Build.0 = Release|iPhoneSimulator
		{AF48B8F0-1BA1-42F7-9D1D-4177CB0D8C89}.Debug|iPhone.ActiveCfg = Debug|iPhone
		{AF48B8F0-1BA1-42F7-9D1D-4177CB0D8C89}.Debug|iPhone.Build.0 = Debug|iPhone
		{AF48B8F0-1BA1-42F7-9D1D-4177CB0D8C89}.Release|iPhone.ActiveCfg = Release|iPhone
		{AF48B8F0-1BA1-42F7-9D1D-4177CB0D8C89}.Release|iPhone.Build.0 = Release|iPhone
		{12D07411-61A2-47AF-94FD-0613F20C90A6}.Debug|Any CPU.ActiveCfg = Debug|Any CPU
		{12D07411-61A2-47AF-94FD-0613F20C90A6}.Debug|Any CPU.Build.0 = Debug|Any CPU
		{12D07411-61A2-47AF-94FD-0613F20C90A6}.Release|Any CPU.ActiveCfg = Release|Any CPU
		{12D07411-61A2-47AF-94FD-0613F20C90A6}.Release|Any CPU.Build.0 = Release|Any CPU
		{12D07411-61A2-47AF-94FD-0613F20C90A6}.Debug|iPhoneSimulator.ActiveCfg = Debug|Any CPU
		{12D07411-61A2-47AF-94FD-0613F20C90A6}.Debug|iPhoneSimulator.Build.0 = Debug|Any CPU
		{12D07411-61A2-47AF-94FD-0613F20C90A6}.Release|iPhoneSimulator.ActiveCfg = Release|Any CPU
		{12D07411-61A2-47AF-94FD-0613F20C90A6}.Release|iPhoneSimulator.Build.0 = Release|Any CPU
		{12D07411-61A2-47AF-94FD-0613F20C90A6}.Debug|iPhone.ActiveCfg = Debug|Any CPU
		{12D07411-61A2-47AF-94FD-0613F20C90A6}.Debug|iPhone.Build.0 = Debug|Any CPU
		{12D07411-61A2-47AF-94FD-0613F20C90A6}.Release|iPhone.ActiveCfg = Release|Any CPU
		{12D07411-61A2-47AF-94FD-0613F20C90A6}.Release|iPhone.Build.0 = Release|Any CPU
	EndGlobalSection
	GlobalSection(SolutionProperties) = preSolution
		HideSolutionNode = FALSE
	EndGlobalSection
	GlobalSection(ExtensibilityGlobals) = postSolution
		SolutionGuid = {8ED4E743-0CEC-4C23-ABF7-011ACADA5997}
	EndGlobalSection
EndGlobal
